
Microsoft Visual Studio Solution File, Format Version 12.00
# Visual Studio Version 17
VisualStudioVersion = 17.0.31903.59
MinimumVisualStudioVersion = 10.0.40219.1
Project("{2150E333-8FDC-42A3-9474-1A3956D46DE8}") = "Documents", "Documents", "{EE1D8ED0-C2DE-440B-99B4-6F08228FA080}"
EndProject
Project("{2150E333-8FDC-42A3-9474-1A3956D46DE8}") = "Source", "Source", "{2BCF1DF6-0797-441C-9201-61FDE14A71D5}"
EndProject
Project("{2150E333-8FDC-42A3-9474-1A3956D46DE8}") = "Test", "Test", "{F3528E92-925C-4224-8DAC-96AE98B933B2}"
EndProject
Project("{2150E333-8FDC-42A3-9474-1A3956D46DE8}") = "Core", "Core", "{6D9B6184-E742-4570-B88C-1123ADF06770}"
EndProject
Project("{2150E333-8FDC-42A3-9474-1A3956D46DE8}") = "Presentation", "Presentation", "{59BD1592-ABB9-4B8A-9189-7D1A8378433E}"
EndProject
Project("{2150E333-8FDC-42A3-9474-1A3956D46DE8}") = "InfraStructure", "InfraStructure", "{6670A9AA-A329-4278-8DE1-17F03B5E9A4A}"
EndProject
Project("{2150E333-8FDC-42A3-9474-1A3956D46DE8}") = "Common", "Common", "{F3F6E6B8-E2F7-4290-8B3A-16F36CF34DA4}"
EndProject
Project("{9A19103F-16F7-4668-BE54-9A1E7A4F7556}") = "Domain", "Domain\Domain.csproj", "{8B6BDA85-CDF1-47AA-BE3B-6733CC8D69AF}"
EndProject
Project("{9A19103F-16F7-4668-BE54-9A1E7A4F7556}") = "Application", "Application\Application.csproj", "{70D2362F-071B-4DA5-A617-5413AA9A9DFA}"
EndProject
Project("{9A19103F-16F7-4668-BE54-9A1E7A4F7556}") = "InfraStructure", "InfraStructure\InfraStructure.csproj", "{7CC7187C-11D8-48C6-B82C-A13DDA306EBB}"
EndProject
Project("{9A19103F-16F7-4668-BE54-9A1E7A4F7556}") = "Persistence", "Persistence\Persistence.csproj", "{1870FBC8-0041-4957-BE79-E771033CEBE0}"
EndProject
Project("{9A19103F-16F7-4668-BE54-9A1E7A4F7556}") = "Common", "Common\Common.csproj", "{DD9A2435-F9E0-4BFE-9029-47C31404D3B8}"
EndProject
Project("{9A19103F-16F7-4668-BE54-9A1E7A4F7556}") = "EndPoint", "EndPoint3\EndPoint.csproj", "{2489C3DD-5123-4D82-B0EF-6636F9733DC8}"
EndProject
Global
	GlobalSection(SolutionConfigurationPlatforms) = preSolution
		Debug|Any CPU = Debug|Any CPU
		Release|Any CPU = Release|Any CPU
	EndGlobalSection
	GlobalSection(ProjectConfigurationPlatforms) = postSolution
		{8B6BDA85-CDF1-47AA-BE3B-6733CC8D69AF}.Debug|Any CPU.ActiveCfg = Debug|Any CPU
		{8B6BDA85-CDF1-47AA-BE3B-6733CC8D69AF}.Debug|Any CPU.Build.0 = Debug|Any CPU
		{8B6BDA85-CDF1-47AA-BE3B-6733CC8D69AF}.Release|Any CPU.ActiveCfg = Release|Any CPU
		{8B6BDA85-CDF1-47AA-BE3B-6733CC8D69AF}.Release|Any CPU.Build.0 = Release|Any CPU
		{70D2362F-071B-4DA5-A617-5413AA9A9DFA}.Debug|Any CPU.ActiveCfg = Debug|Any CPU
		{70D2362F-071B-4DA5-A617-5413AA9A9DFA}.Debug|Any CPU.Build.0 = Debug|Any CPU
		{70D2362F-071B-4DA5-A617-5413AA9A9DFA}.Release|Any CPU.ActiveCfg = Release|Any CPU
		{70D2362F-071B-4DA5-A617-5413AA9A9DFA}.Release|Any CPU.Build.0 = Release|Any CPU
		{7CC7187C-11D8-48C6-B82C-A13DDA306EBB}.Debug|Any CPU.ActiveCfg = Debug|Any CPU
		{7CC7187C-11D8-48C6-B82C-A13DDA306EBB}.Debug|Any CPU.Build.0 = Debug|Any CPU
		{7CC7187C-11D8-48C6-B82C-A13DDA306EBB}.Release|Any CPU.ActiveCfg = Release|Any CPU
		{7CC7187C-11D8-48C6-B82C-A13DDA306EBB}.Release|Any CPU.Build.0 = Release|Any CPU
		{1870FBC8-0041-4957-BE79-E771033CEBE0}.Debug|Any CPU.ActiveCfg = Debug|Any CPU
		{1870FBC8-0041-4957-BE79-E771033CEBE0}.Debug|Any CPU.Build.0 = Debug|Any CPU
		{1870FBC8-0041-4957-BE79-E771033CEBE0}.Release|Any CPU.ActiveCfg = Release|Any CPU
		{1870FBC8-0041-4957-BE79-E771033CEBE0}.Release|Any CPU.Build.0 = Release|Any CPU
		{DD9A2435-F9E0-4BFE-9029-47C31404D3B8}.Debug|Any CPU.ActiveCfg = Debug|Any CPU
		{DD9A2435-F9E0-4BFE-9029-47C31404D3B8}.Debug|Any CPU.Build.0 = Debug|Any CPU
		{DD9A2435-F9E0-4BFE-9029-47C31404D3B8}.Release|Any CPU.ActiveCfg = Release|Any CPU
		{DD9A2435-F9E0-4BFE-9029-47C31404D3B8}.Release|Any CPU.Build.0 = Release|Any CPU
		{2489C3DD-5123-4D82-B0EF-6636F9733DC8}.Debug|Any CPU.ActiveCfg = Debug|Any CPU
		{2489C3DD-5123-4D82-B0EF-6636F9733DC8}.Debug|Any CPU.Build.0 = Debug|Any CPU
		{2489C3DD-5123-4D82-B0EF-6636F9733DC8}.Release|Any CPU.ActiveCfg = Release|Any CPU
		{2489C3DD-5123-4D82-B0EF-6636F9733DC8}.Release|Any CPU.Build.0 = Release|Any CPU
	EndGlobalSection
	GlobalSection(SolutionProperties) = preSolution
		HideSolutionNode = FALSE
	EndGlobalSection
	GlobalSection(NestedProjects) = preSolution
		{6D9B6184-E742-4570-B88C-1123ADF06770} = {2BCF1DF6-0797-441C-9201-61FDE14A71D5}
		{59BD1592-ABB9-4B8A-9189-7D1A8378433E} = {2BCF1DF6-0797-441C-9201-61FDE14A71D5}
		{6670A9AA-A329-4278-8DE1-17F03B5E9A4A} = {2BCF1DF6-0797-441C-9201-61FDE14A71D5}
		{F3F6E6B8-E2F7-4290-8B3A-16F36CF34DA4} = {2BCF1DF6-0797-441C-9201-61FDE14A71D5}
		{8B6BDA85-CDF1-47AA-BE3B-6733CC8D69AF} = {6D9B6184-E742-4570-B88C-1123ADF06770}
		{70D2362F-071B-4DA5-A617-5413AA9A9DFA} = {6D9B6184-E742-4570-B88C-1123ADF06770}
		{7CC7187C-11D8-48C6-B82C-A13DDA306EBB} = {6670A9AA-A329-4278-8DE1-17F03B5E9A4A}
		{1870FBC8-0041-4957-BE79-E771033CEBE0} = {6670A9AA-A329-4278-8DE1-17F03B5E9A4A}
		{DD9A2435-F9E0-4BFE-9029-47C31404D3B8} = {F3F6E6B8-E2F7-4290-8B3A-16F36CF34DA4}
		{2489C3DD-5123-4D82-B0EF-6636F9733DC8} = {59BD1592-ABB9-4B8A-9189-7D1A8378433E}
	EndGlobalSection
	GlobalSection(ExtensibilityGlobals) = postSolution
		SolutionGuid = {25F873F5-7413-47BC-B44B-4DEC8E287825}
	EndGlobalSection
EndGlobal
